{
    "_readme": [
        "This file locks the dependencies of your project to a known state",
        "Read more about it at http://getcomposer.org/doc/01-basic-usage.md#composer-lock-the-lock-file",
        "This file is @generated automatically"
    ],
    "hash": "352c6d0ea5348775f32d201583a03536",
    "packages": [
        {
            "name": "sciactive/nymph-server",
            "version": "1.4.0-beta.1",
            "source": {
                "type": "git",
                "url": "https://github.com/sciactive/nymph-server.git",
                "reference": "25217b530456172a3e79ff11592f27809843b0b8"
            },
            "dist": {
                "type": "zip",
                "url": "https://api.github.com/repos/sciactive/nymph-server/zipball/25217b530456172a3e79ff11592f27809843b0b8",
                "reference": "25217b530456172a3e79ff11592f27809843b0b8",
                "shasum": ""
            },
            "require": {
                "sciactive/requirephp": "~1.2"
            },
            "require-dev": {
                "codeclimate/php-test-reporter": "dev-master"
            },
            "type": "library",
            "autoload": {
                "psr-0": {
                    "Nymph\\": "src/"
                },
                "psr-4": {
                    "Nymph\\": "src/"
                }
            },
            "notification-url": "https://packagist.org/downloads/",
            "license": [
                "LGPL"
            ],
            "authors": [
                {
                    "name": "Hunter Perrin",
                    "email": "hunter@sciactive.com",
                    "homepage": "https://github.com/hperrin",
                    "role": "Developer"
                }
            ],
            "description": "Server side Nymph files.",
            "homepage": "http://nymph.io/",
            "keywords": [
                "Object Relational Mapping",
                "Object relational mapper",
                "mysql",
                "object database",
                "orm",
                "postgres",
                "postgresql"
            ],
            "time": "2015-02-16 00:00:00"
        },
        {
            "name": "sciactive/requirephp",
            "version": "1.2.0",
            "source": {
                "type": "git",
                "url": "https://github.com/sciactive/requirephp.git",
                "reference": "bb5cfc994918a47ebe96aab93d969cb16a4e49e0"
            },
            "dist": {
                "type": "zip",
                "url": "https://api.github.com/repos/sciactive/requirephp/zipball/bb5cfc994918a47ebe96aab93d969cb16a4e49e0",
                "reference": "bb5cfc994918a47ebe96aab93d969cb16a4e49e0",
                "shasum": ""
            },
            "type": "library",
            "autoload": {
                "psr-0": {
                    "SciActive\\": "src/"
                },
                "psr-4": {
                    "SciActive\\": "src/"
                }
            },
            "notification-url": "https://packagist.org/downloads/",
            "license": [
                "LGPL"
            ],
            "authors": [
                {
                    "name": "Hunter Perrin",
                    "email": "hunter@sciactive.com",
                    "homepage": "https://github.com/hperrin",
                    "role": "Developer"
                }
            ],
            "description": "An implementation of dependency injection (like RequireJS) in PHP.",
            "homepage": "http://requirephp.org/",
            "keywords": [
                "amd",
                "dependency injection",
                "dependency injector",
                "service location",
                "service locator"
            ],
            "time": "2014-11-04 00:00:00"
        }
    ],
    "packages-dev": [],
    "aliases": [],
    "minimum-stability": "stable",
    "stability-flags": {
        "sciactive/nymph-server": 10
    },
    "prefer-stable": false,
    "prefer-lowest": false,
    "platform": [],
    "platform-dev": []
}
